// !$*UTF8*$!
{
	archiveVersion = 1;
	classes = {
	};
	objectVersion = 56;
	objects = {

/* Begin PBXBuildFile section */
		7791A0D12A1E9496005088C4 /* RecordingsApp.swift in Sources */ = {isa = PBXBuildFile; fileRef = 7791A0D02A1E9496005088C4 /* RecordingsApp.swift */; };
		7791A0D32A1E9496005088C4 /* HomeView.swift in Sources */ = {isa = PBXBuildFile; fileRef = 7791A0D22A1E9496005088C4 /* HomeView.swift */; };
		7791A0D52A1E9497005088C4 /* Assets.xcassets in Resources */ = {isa = PBXBuildFile; fileRef = 7791A0D42A1E9497005088C4 /* Assets.xcassets */; };
		7791A0D82A1E9497005088C4 /* Preview Assets.xcassets in Resources */ = {isa = PBXBuildFile; fileRef = 7791A0D72A1E9497005088C4 /* Preview Assets.xcassets */; };
		7791A0E22A1E9497005088C4 /* RecordingsTests.swift in Sources */ = {isa = PBXBuildFile; fileRef = 7791A0E12A1E9497005088C4 /* RecordingsTests.swift */; };
		7791A0EC2A1E9497005088C4 /* RecordingsUITests.swift in Sources */ = {isa = PBXBuildFile; fileRef = 7791A0EB2A1E9497005088C4 /* RecordingsUITests.swift */; };
		7791A0EE2A1E9497005088C4 /* RecordingsUITestsLaunchTests.swift in Sources */ = {isa = PBXBuildFile; fileRef = 7791A0ED2A1E9497005088C4 /* RecordingsUITestsLaunchTests.swift */; };
		7791A0FB2A1EA58F005088C4 /* FolderView.swift in Sources */ = {isa = PBXBuildFile; fileRef = 7791A0FA2A1EA58F005088C4 /* FolderView.swift */; };
		7791A0FD2A1EAD4F005088C4 /* VoiceModel.swift in Sources */ = {isa = PBXBuildFile; fileRef = 7791A0FC2A1EAD4F005088C4 /* VoiceModel.swift */; };
		7791A1012A1EB0E1005088C4 /* Extensions.swift in Sources */ = {isa = PBXBuildFile; fileRef = 7791A1002A1EB0E1005088C4 /* Extensions.swift */; };
		77ABE06C2A1FF32600EED914 /* UserSettings.swift in Sources */ = {isa = PBXBuildFile; fileRef = 77ABE06B2A1FF32600EED914 /* UserSettings.swift */; };
		77ABE06F2A1FF36100EED914 /* Structs.swift in Sources */ = {isa = PBXBuildFile; fileRef = 77ABE06E2A1FF36100EED914 /* Structs.swift */; };
		77ABE0712A1FF85800EED914 /* RecordingView.swift in Sources */ = {isa = PBXBuildFile; fileRef = 77ABE0702A1FF85800EED914 /* RecordingView.swift */; };
		77ABE0742A21AD4300EED914 /* Alamofire in Frameworks */ = {isa = PBXBuildFile; productRef = 77ABE0732A21AD4300EED914 /* Alamofire */; };
		B0E941902A26E2C200D75726 /* SwiftUIView.swift in Sources */ = {isa = PBXBuildFile; fileRef = B0E9418F2A26E2C200D75726 /* SwiftUIView.swift */; };
		B0E941922A26E47B00D75726 /* audio1284822820.m4a in Resources */ = {isa = PBXBuildFile; fileRef = B0E941912A26E47A00D75726 /* audio1284822820.m4a */; };
/* End PBXBuildFile section */

/* Begin PBXContainerItemProxy section */
		7791A0DE2A1E9497005088C4 /* PBXContainerItemProxy */ = {
			isa = PBXContainerItemProxy;
			containerPortal = 7791A0C52A1E9496005088C4 /* Project object */;
			proxyType = 1;
			remoteGlobalIDString = 7791A0CC2A1E9496005088C4;
			remoteInfo = Recordings;
		};
		7791A0E82A1E9497005088C4 /* PBXContainerItemProxy */ = {
			isa = PBXContainerItemProxy;
			containerPortal = 7791A0C52A1E9496005088C4 /* Project object */;
			proxyType = 1;
			remoteGlobalIDString = 7791A0CC2A1E9496005088C4;
			remoteInfo = Recordings;
		};
/* End PBXContainerItemProxy section */

/* Begin PBXFileReference section */
		7791A0CD2A1E9496005088C4 /* Recordings.app */ = {isa = PBXFileReference; explicitFileType = wrapper.application; includeInIndex = 0; path = Recordings.app; sourceTree = BUILT_PRODUCTS_DIR; };
		7791A0D02A1E9496005088C4 /* RecordingsApp.swift */ = {isa = PBXFileReference; lastKnownFileType = sourcecode.swift; path = RecordingsApp.swift; sourceTree = "<group>"; };
		7791A0D22A1E9496005088C4 /* HomeView.swift */ = {isa = PBXFileReference; lastKnownFileType = sourcecode.swift; path = HomeView.swift; sourceTree = "<group>"; };
		7791A0D42A1E9497005088C4 /* Assets.xcassets */ = {isa = PBXFileReference; lastKnownFileType = folder.assetcatalog; path = Assets.xcassets; sourceTree = "<group>"; };
		7791A0D72A1E9497005088C4 /* Preview Assets.xcassets */ = {isa = PBXFileReference; lastKnownFileType = folder.assetcatalog; path = "Preview Assets.xcassets"; sourceTree = "<group>"; };
		7791A0DD2A1E9497005088C4 /* RecordingsTests.xctest */ = {isa = PBXFileReference; explicitFileType = wrapper.cfbundle; includeInIndex = 0; path = RecordingsTests.xctest; sourceTree = BUILT_PRODUCTS_DIR; };
		7791A0E12A1E9497005088C4 /* RecordingsTests.swift */ = {isa = PBXFileReference; lastKnownFileType = sourcecode.swift; path = RecordingsTests.swift; sourceTree = "<group>"; };
		7791A0E72A1E9497005088C4 /* RecordingsUITests.xctest */ = {isa = PBXFileReference; explicitFileType = wrapper.cfbundle; includeInIndex = 0; path = RecordingsUITests.xctest; sourceTree = BUILT_PRODUCTS_DIR; };
		7791A0EB2A1E9497005088C4 /* RecordingsUITests.swift */ = {isa = PBXFileReference; lastKnownFileType = sourcecode.swift; path = RecordingsUITests.swift; sourceTree = "<group>"; };
		7791A0ED2A1E9497005088C4 /* RecordingsUITestsLaunchTests.swift */ = {isa = PBXFileReference; lastKnownFileType = sourcecode.swift; path = RecordingsUITestsLaunchTests.swift; sourceTree = "<group>"; };
		7791A0FA2A1EA58F005088C4 /* FolderView.swift */ = {isa = PBXFileReference; lastKnownFileType = sourcecode.swift; path = FolderView.swift; sourceTree = "<group>"; };
		7791A0FC2A1EAD4F005088C4 /* VoiceModel.swift */ = {isa = PBXFileReference; lastKnownFileType = sourcecode.swift; path = VoiceModel.swift; sourceTree = "<group>"; };
		7791A1002A1EB0E1005088C4 /* Extensions.swift */ = {isa = PBXFileReference; lastKnownFileType = sourcecode.swift; path = Extensions.swift; sourceTree = "<group>"; };
		77ABE06B2A1FF32600EED914 /* UserSettings.swift */ = {isa = PBXFileReference; lastKnownFileType = sourcecode.swift; path = UserSettings.swift; sourceTree = "<group>"; };
		77ABE06E2A1FF36100EED914 /* Structs.swift */ = {isa = PBXFileReference; lastKnownFileType = sourcecode.swift; path = Structs.swift; sourceTree = "<group>"; };
		77ABE0702A1FF85800EED914 /* RecordingView.swift */ = {isa = PBXFileReference; lastKnownFileType = sourcecode.swift; path = RecordingView.swift; sourceTree = "<group>"; };
		B0E9418F2A26E2C200D75726 /* SwiftUIView.swift */ = {isa = PBXFileReference; lastKnownFileType = sourcecode.swift; path = SwiftUIView.swift; sourceTree = "<group>"; };
		B0E941912A26E47A00D75726 /* audio1284822820.m4a */ = {isa = PBXFileReference; lastKnownFileType = file; path = audio1284822820.m4a; sourceTree = "<group>"; };
/* End PBXFileReference section */

/* Begin PBXFrameworksBuildPhase section */
		7791A0CA2A1E9496005088C4 /* Frameworks */ = {
			isa = PBXFrameworksBuildPhase;
			buildActionMask = 2147483647;
			files = (
				77ABE0742A21AD4300EED914 /* Alamofire in Frameworks */,
			);
			runOnlyForDeploymentPostprocessing = 0;
		};
		7791A0DA2A1E9497005088C4 /* Frameworks */ = {
			isa = PBXFrameworksBuildPhase;
			buildActionMask = 2147483647;
			files = (
			);
			runOnlyForDeploymentPostprocessing = 0;
		};
		7791A0E42A1E9497005088C4 /* Frameworks */ = {
			isa = PBXFrameworksBuildPhase;
			buildActionMask = 2147483647;
			files = (
			);
			runOnlyForDeploymentPostprocessing = 0;
		};
/* End PBXFrameworksBuildPhase section */

/* Begin PBXGroup section */
		7791A0C42A1E9496005088C4 = {
			isa = PBXGroup;
			children = (
				7791A0CF2A1E9496005088C4 /* Recordings */,
				7791A0E02A1E9497005088C4 /* RecordingsTests */,
				7791A0EA2A1E9497005088C4 /* RecordingsUITests */,
				7791A0CE2A1E9496005088C4 /* Products */,
			);
			sourceTree = "<group>";
		};
		7791A0CE2A1E9496005088C4 /* Products */ = {
			isa = PBXGroup;
			children = (
				7791A0CD2A1E9496005088C4 /* Recordings.app */,
				7791A0DD2A1E9497005088C4 /* RecordingsTests.xctest */,
				7791A0E72A1E9497005088C4 /* RecordingsUITests.xctest */,
			);
			name = Products;
			sourceTree = "<group>";
		};
		7791A0CF2A1E9496005088C4 /* Recordings */ = {
			isa = PBXGroup;
			children = (
				77ABE06D2A1FF35400EED914 /* Structs */,
				77ABE06A2A1FF31A00EED914 /* Settings */,
				7791A0FF2A1EB0CF005088C4 /* Extensions */,
				7791A0FC2A1EAD4F005088C4 /* VoiceModel.swift */,
				7791A0D02A1E9496005088C4 /* RecordingsApp.swift */,
				7791A0D22A1E9496005088C4 /* HomeView.swift */,
				7791A0FA2A1EA58F005088C4 /* FolderView.swift */,
				77ABE0702A1FF85800EED914 /* RecordingView.swift */,
				7791A0D42A1E9497005088C4 /* Assets.xcassets */,
				7791A0D62A1E9497005088C4 /* Preview Content */,
				B0E9418F2A26E2C200D75726 /* SwiftUIView.swift */,
				B0E941912A26E47A00D75726 /* audio1284822820.m4a */,
			);
			path = Recordings;
			sourceTree = "<group>";
		};
		7791A0D62A1E9497005088C4 /* Preview Content */ = {
			isa = PBXGroup;
			children = (
				7791A0D72A1E9497005088C4 /* Preview Assets.xcassets */,
			);
			path = "Preview Content";
			sourceTree = "<group>";
		};
		7791A0E02A1E9497005088C4 /* RecordingsTests */ = {
			isa = PBXGroup;
			children = (
				7791A0E12A1E9497005088C4 /* RecordingsTests.swift */,
			);
			path = RecordingsTests;
			sourceTree = "<group>";
		};
		7791A0EA2A1E9497005088C4 /* RecordingsUITests */ = {
			isa = PBXGroup;
			children = (
				7791A0EB2A1E9497005088C4 /* RecordingsUITests.swift */,
				7791A0ED2A1E9497005088C4 /* RecordingsUITestsLaunchTests.swift */,
			);
			path = RecordingsUITests;
			sourceTree = "<group>";
		};
		7791A0FF2A1EB0CF005088C4 /* Extensions */ = {
			isa = PBXGroup;
			children = (
				7791A1002A1EB0E1005088C4 /* Extensions.swift */,
			);
			path = Extensions;
			sourceTree = "<group>";
		};
		77ABE06A2A1FF31A00EED914 /* Settings */ = {
			isa = PBXGroup;
			children = (
				77ABE06B2A1FF32600EED914 /* UserSettings.swift */,
			);
			path = Settings;
			sourceTree = "<group>";
		};
		77ABE06D2A1FF35400EED914 /* Structs */ = {
			isa = PBXGroup;
			children = (
				77ABE06E2A1FF36100EED914 /* Structs.swift */,
			);
			path = Structs;
			sourceTree = "<group>";
		};
/* End PBXGroup section */

/* Begin PBXNativeTarget section */
		7791A0CC2A1E9496005088C4 /* Recordings */ = {
			isa = PBXNativeTarget;
			buildConfigurationList = 7791A0F12A1E9497005088C4 /* Build configuration list for PBXNativeTarget "Recordings" */;
			buildPhases = (
				7791A0C92A1E9496005088C4 /* Sources */,
				7791A0CA2A1E9496005088C4 /* Frameworks */,
				7791A0CB2A1E9496005088C4 /* Resources */,
			);
			buildRules = (
			);
			dependencies = (
			);
			name = Recordings;
			packageProductDependencies = (
				77ABE0732A21AD4300EED914 /* Alamofire */,
			);
			productName = Recordings;
			productReference = 7791A0CD2A1E9496005088C4 /* Recordings.app */;
			productType = "com.apple.product-type.application";
		};
		7791A0DC2A1E9497005088C4 /* RecordingsTests */ = {
			isa = PBXNativeTarget;
			buildConfigurationList = 7791A0F42A1E9497005088C4 /* Build configuration list for PBXNativeTarget "RecordingsTests" */;
			buildPhases = (
				7791A0D92A1E9497005088C4 /* Sources */,
				7791A0DA2A1E9497005088C4 /* Frameworks */,
				7791A0DB2A1E9497005088C4 /* Resources */,
			);
			buildRules = (
			);
			dependencies = (
				7791A0DF2A1E9497005088C4 /* PBXTargetDependency */,
			);
			name = RecordingsTests;
			productName = RecordingsTests;
			productReference = 7791A0DD2A1E9497005088C4 /* RecordingsTests.xctest */;
			productType = "com.apple.product-type.bundle.unit-test";
		};
		7791A0E62A1E9497005088C4 /* RecordingsUITests */ = {
			isa = PBXNativeTarget;
			buildConfigurationList = 7791A0F72A1E9497005088C4 /* Build configuration list for PBXNativeTarget "RecordingsUITests" */;
			buildPhases = (
				7791A0E32A1E9497005088C4 /* Sources */,
				7791A0E42A1E9497005088C4 /* Frameworks */,
				7791A0E52A1E9497005088C4 /* Resources */,
			);
			buildRules = (
			);
			dependencies = (
				7791A0E92A1E9497005088C4 /* PBXTargetDependency */,
			);
			name = RecordingsUITests;
			productName = RecordingsUITests;
			productReference = 7791A0E72A1E9497005088C4 /* RecordingsUITests.xctest */;
			productType = "com.apple.product-type.bundle.ui-testing";
		};
/* End PBXNativeTarget section */

/* Begin PBXProject section */
		7791A0C52A1E9496005088C4 /* Project object */ = {
			isa = PBXProject;
			attributes = {
				BuildIndependentTargetsInParallel = 1;
				LastSwiftUpdateCheck = 1430;
				LastUpgradeCheck = 1430;
				TargetAttributes = {
					7791A0CC2A1E9496005088C4 = {
						CreatedOnToolsVersion = 14.3;
					};
					7791A0DC2A1E9497005088C4 = {
						CreatedOnToolsVersion = 14.3;
						TestTargetID = 7791A0CC2A1E9496005088C4;
					};
					7791A0E62A1E9497005088C4 = {
						CreatedOnToolsVersion = 14.3;
						TestTargetID = 7791A0CC2A1E9496005088C4;
					};
				};
			};
			buildConfigurationList = 7791A0C82A1E9496005088C4 /* Build configuration list for PBXProject "Recordings" */;
			compatibilityVersion = "Xcode 14.0";
			developmentRegion = en;
			hasScannedForEncodings = 0;
			knownRegions = (
				en,
				Base,
			);
			mainGroup = 7791A0C42A1E9496005088C4;
			packageReferences = (
				77ABE0722A21AD4300EED914 /* XCRemoteSwiftPackageReference "Alamofire" */,
			);
			productRefGroup = 7791A0CE2A1E9496005088C4 /* Products */;
			projectDirPath = "";
			projectRoot = "";
			targets = (
				7791A0CC2A1E9496005088C4 /* Recordings */,
				7791A0DC2A1E9497005088C4 /* RecordingsTests */,
				7791A0E62A1E9497005088C4 /* RecordingsUITests */,
			);
		};
/* End PBXProject section */

/* Begin PBXResourcesBuildPhase section */
		7791A0CB2A1E9496005088C4 /* Resources */ = {
			isa = PBXResourcesBuildPhase;
			buildActionMask = 2147483647;
			files = (
				7791A0D82A1E9497005088C4 /* Preview Assets.xcassets in Resources */,
				B0E941922A26E47B00D75726 /* audio1284822820.m4a in Resources */,
				7791A0D52A1E9497005088C4 /* Assets.xcassets in Resources */,
			);
			runOnlyForDeploymentPostprocessing = 0;
		};
		7791A0DB2A1E9497005088C4 /* Resources */ = {
			isa = PBXResourcesBuildPhase;
			buildActionMask = 2147483647;
			files = (
			);
			runOnlyForDeploymentPostprocessing = 0;
		};
		7791A0E52A1E9497005088C4 /* Resources */ = {
			isa = PBXResourcesBuildPhase;
			buildActionMask = 2147483647;
			files = (
			);
			runOnlyForDeploymentPostprocessing = 0;
		};
/* End PBXResourcesBuildPhase section */

/* Begin PBXSourcesBuildPhase section */
		7791A0C92A1E9496005088C4 /* Sources */ = {
			isa = PBXSourcesBuildPhase;
			buildActionMask = 2147483647;
			files = (
				7791A1012A1EB0E1005088C4 /* Extensions.swift in Sources */,
				77ABE06C2A1FF32600EED914 /* UserSettings.swift in Sources */,
				B0E941902A26E2C200D75726 /* SwiftUIView.swift in Sources */,
				7791A0D32A1E9496005088C4 /* HomeView.swift in Sources */,
				77ABE06F2A1FF36100EED914 /* Structs.swift in Sources */,
				7791A0D12A1E9496005088C4 /* RecordingsApp.swift in Sources */,
				7791A0FD2A1EAD4F005088C4 /* VoiceModel.swift in Sources */,
				77ABE0712A1FF85800EED914 /* RecordingView.swift in Sources */,
				7791A0FB2A1EA58F005088C4 /* FolderView.swift in Sources */,
			);
			runOnlyForDeploymentPostprocessing = 0;
		};
		7791A0D92A1E9497005088C4 /* Sources */ = {
			isa = PBXSourcesBuildPhase;
			buildActionMask = 2147483647;
			files = (
				7791A0E22A1E9497005088C4 /* RecordingsTests.swift in Sources */,
			);
			runOnlyForDeploymentPostprocessing = 0;
		};
		7791A0E32A1E9497005088C4 /* Sources */ = {
			isa = PBXSourcesBuildPhase;
			buildActionMask = 2147483647;
			files = (
				7791A0EE2A1E9497005088C4 /* RecordingsUITestsLaunchTests.swift in Sources */,
				7791A0EC2A1E9497005088C4 /* RecordingsUITests.swift in Sources */,
			);
			runOnlyForDeploymentPostprocessing = 0;
		};
/* End PBXSourcesBuildPhase section */

/* Begin PBXTargetDependency section */
		7791A0DF2A1E9497005088C4 /* PBXTargetDependency */ = {
			isa = PBXTargetDependency;
			target = 7791A0CC2A1E9496005088C4 /* Recordings */;
			targetProxy = 7791A0DE2A1E9497005088C4 /* PBXContainerItemProxy */;
		};
		7791A0E92A1E9497005088C4 /* PBXTargetDependency */ = {
			isa = PBXTargetDependency;
			target = 7791A0CC2A1E9496005088C4 /* Recordings */;
			targetProxy = 7791A0E82A1E9497005088C4 /* PBXContainerItemProxy */;
		};
/* End PBXTargetDependency section */

/* Begin XCBuildConfiguration section */
		7791A0EF2A1E9497005088C4 /* Debug */ = {
			isa = XCBuildConfiguration;
			buildSettings = {
				ALWAYS_SEARCH_USER_PATHS = NO;
				CLANG_ANALYZER_NONNULL = YES;
				CLANG_ANALYZER_NUMBER_OBJECT_CONVERSION = YES_AGGRESSIVE;
				CLANG_CXX_LANGUAGE_STANDARD = "gnu++20";
				CLANG_ENABLE_MODULES = YES;
				CLANG_ENABLE_OBJC_ARC = YES;
				CLANG_ENABLE_OBJC_WEAK = YES;
				CLANG_WARN_BLOCK_CAPTURE_AUTORELEASING = YES;
				CLANG_WARN_BOOL_CONVERSION = YES;
				CLANG_WARN_COMMA = YES;
				CLANG_WARN_CONSTANT_CONVERSION = YES;
				CLANG_WARN_DEPRECATED_OBJC_IMPLEMENTATIONS = YES;
				CLANG_WARN_DIRECT_OBJC_ISA_USAGE = YES_ERROR;
				CLANG_WARN_DOCUMENTATION_COMMENTS = YES;
				CLANG_WARN_EMPTY_BODY = YES;
				CLANG_WARN_ENUM_CONVERSION = YES;
				CLANG_WARN_INFINITE_RECURSION = YES;
				CLANG_WARN_INT_CONVERSION = YES;
				CLANG_WARN_NON_LITERAL_NULL_CONVERSION = YES;
				CLANG_WARN_OBJC_IMPLICIT_RETAIN_SELF = YES;
				CLANG_WARN_OBJC_LITERAL_CONVERSION = YES;
				CLANG_WARN_OBJC_ROOT_CLASS = YES_ERROR;
				CLANG_WARN_QUOTED_INCLUDE_IN_FRAMEWORK_HEADER = YES;
				CLANG_WARN_RANGE_LOOP_ANALYSIS = YES;
				CLANG_WARN_STRICT_PROTOTYPES = YES;
				CLANG_WARN_SUSPICIOUS_MOVE = YES;
				CLANG_WARN_UNGUARDED_AVAILABILITY = YES_AGGRESSIVE;
				CLANG_WARN_UNREACHABLE_CODE = YES;
				CLANG_WARN__DUPLICATE_METHOD_MATCH = YES;
				COPY_PHASE_STRIP = NO;
				DEBUG_INFORMATION_FORMAT = dwarf;
				ENABLE_STRICT_OBJC_MSGSEND = YES;
				ENABLE_TESTABILITY = YES;
				GCC_C_LANGUAGE_STANDARD = gnu11;
				GCC_DYNAMIC_NO_PIC = NO;
				GCC_NO_COMMON_BLOCKS = YES;
				GCC_OPTIMIZATION_LEVEL = 0;
				GCC_PREPROCESSOR_DEFINITIONS = (
					"DEBUG=1",
					"$(inherited)",
				);
				GCC_WARN_64_TO_32_BIT_CONVERSION = YES;
				GCC_WARN_ABOUT_RETURN_TYPE = YES_ERROR;
				GCC_WARN_UNDECLARED_SELECTOR = YES;
				GCC_WARN_UNINITIALIZED_AUTOS = YES_AGGRESSIVE;
				GCC_WARN_UNUSED_FUNCTION = YES;
				GCC_WARN_UNUSED_VARIABLE = YES;
				IPHONEOS_DEPLOYMENT_TARGET = 16.4;
				MTL_ENABLE_DEBUG_INFO = INCLUDE_SOURCE;
				MTL_FAST_MATH = YES;
				ONLY_ACTIVE_ARCH = YES;
				SDKROOT = iphoneos;
				SWIFT_ACTIVE_COMPILATION_CONDITIONS = DEBUG;
				SWIFT_OPTIMIZATION_LEVEL = "-Onone";
			};
			name = Debug;
		};
		7791A0F02A1E9497005088C4 /* Release */ = {
			isa = XCBuildConfiguration;
			buildSettings = {
				ALWAYS_SEARCH_USER_PATHS = NO;
				CLANG_ANALYZER_NONNULL = YES;
				CLANG_ANALYZER_NUMBER_OBJECT_CONVERSION = YES_AGGRESSIVE;
				CLANG_CXX_LANGUAGE_STANDARD = "gnu++20";
				CLANG_ENABLE_MODULES = YES;
				CLANG_ENABLE_OBJC_ARC = YES;
				CLANG_ENABLE_OBJC_WEAK = YES;
				CLANG_WARN_BLOCK_CAPTURE_AUTORELEASING = YES;
				CLANG_WARN_BOOL_CONVERSION = YES;
				CLANG_WARN_COMMA = YES;
				CLANG_WARN_CONSTANT_CONVERSION = YES;
				CLANG_WARN_DEPRECATED_OBJC_IMPLEMENTATIONS = YES;
				CLANG_WARN_DIRECT_OBJC_ISA_USAGE = YES_ERROR;
				CLANG_WARN_DOCUMENTATION_COMMENTS = YES;
				CLANG_WARN_EMPTY_BODY = YES;
				CLANG_WARN_ENUM_CONVERSION = YES;
				CLANG_WARN_INFINITE_RECURSION = YES;
				CLANG_WARN_INT_CONVERSION = YES;
				CLANG_WARN_NON_LITERAL_NULL_CONVERSION = YES;
				CLANG_WARN_OBJC_IMPLICIT_RETAIN_SELF = YES;
				CLANG_WARN_OBJC_LITERAL_CONVERSION = YES;
				CLANG_WARN_OBJC_ROOT_CLASS = YES_ERROR;
				CLANG_WARN_QUOTED_INCLUDE_IN_FRAMEWORK_HEADER = YES;
				CLANG_WARN_RANGE_LOOP_ANALYSIS = YES;
				CLANG_WARN_STRICT_PROTOTYPES = YES;
				CLANG_WARN_SUSPICIOUS_MOVE = YES;
				CLANG_WARN_UNGUARDED_AVAILABILITY = YES_AGGRESSIVE;
				CLANG_WARN_UNREACHABLE_CODE = YES;
				CLANG_WARN__DUPLICATE_METHOD_MATCH = YES;
				COPY_PHASE_STRIP = NO;
				DEBUG_INFORMATION_FORMAT = "dwarf-with-dsym";
				ENABLE_NS_ASSERTIONS = NO;
				ENABLE_STRICT_OBJC_MSGSEND = YES;
				GCC_C_LANGUAGE_STANDARD = gnu11;
				GCC_NO_COMMON_BLOCKS = YES;
				GCC_WARN_64_TO_32_BIT_CONVERSION = YES;
				GCC_WARN_ABOUT_RETURN_TYPE = YES_ERROR;
				GCC_WARN_UNDECLARED_SELECTOR = YES;
				GCC_WARN_UNINITIALIZED_AUTOS = YES_AGGRESSIVE;
				GCC_WARN_UNUSED_FUNCTION = YES;
				GCC_WARN_UNUSED_VARIABLE = YES;
				IPHONEOS_DEPLOYMENT_TARGET = 16.4;
				MTL_ENABLE_DEBUG_INFO = NO;
				MTL_FAST_MATH = YES;
				SDKROOT = iphoneos;
				SWIFT_COMPILATION_MODE = wholemodule;
				SWIFT_OPTIMIZATION_LEVEL = "-O";
				VALIDATE_PRODUCT = YES;
			};
			name = Release;
		};
		7791A0F22A1E9497005088C4 /* Debug */ = {
			isa = XCBuildConfiguration;
			buildSettings = {
				ASSETCATALOG_COMPILER_APPICON_NAME = AppIcon;
				ASSETCATALOG_COMPILER_GLOBAL_ACCENT_COLOR_NAME = AccentColor;
				CODE_SIGN_STYLE = Automatic;
				CURRENT_PROJECT_VERSION = 1;
				DEVELOPMENT_ASSET_PATHS = "\"Recordings/Preview Content\"";
				DEVELOPMENT_TEAM = 4GS43493GL;
				ENABLE_PREVIEWS = YES;
				GENERATE_INFOPLIST_FILE = YES;
				INFOPLIST_KEY_UIApplicationSceneManifest_Generation = YES;
				INFOPLIST_KEY_UIApplicationSupportsIndirectInputEvents = YES;
				INFOPLIST_KEY_UILaunchScreen_Generation = YES;
				INFOPLIST_KEY_UISupportedInterfaceOrientations_iPad = "UIInterfaceOrientationPortrait UIInterfaceOrientationPortraitUpsideDown UIInterfaceOrientationLandscapeLeft UIInterfaceOrientationLandscapeRight";
				INFOPLIST_KEY_UISupportedInterfaceOrientations_iPhone = "UIInterfaceOrientationPortrait UIInterfaceOrientationLandscapeLeft UIInterfaceOrientationLandscapeRight";
				LD_RUNPATH_SEARCH_PATHS = (
					"$(inherited)",
					"@executable_path/Frameworks",
				);
				MARKETING_VERSION = 1.0;
				PRODUCT_BUNDLE_IDENTIFIER = mjsong.Recordings;
				PRODUCT_NAME = "$(TARGET_NAME)";
				SWIFT_EMIT_LOC_STRINGS = YES;
				SWIFT_VERSION = 5.0;
				TARGETED_DEVICE_FAMILY = "1,2";
			};
			name = Debug;
		};
		7791A0F32A1E9497005088C4 /* Release */ = {
			isa = XCBuildConfiguration;
			buildSettings = {
				ASSETCATALOG_COMPILER_APPICON_NAME = AppIcon;
				ASSETCATALOG_COMPILER_GLOBAL_ACCENT_COLOR_NAME = AccentColor;
				CODE_SIGN_STYLE = Automatic;
				CURRENT_PROJECT_VERSION = 1;
				DEVELOPMENT_ASSET_PATHS = "\"Recordings/Preview Content\"";
				DEVELOPMENT_TEAM = 4GS43493GL;
				ENABLE_PREVIEWS = YES;
				GENERATE_INFOPLIST_FILE = YES;
				INFOPLIST_KEY_UIApplicationSceneManifest_Generation = YES;
				INFOPLIST_KEY_UIApplicationSupportsIndirectInputEvents = YES;
				INFOPLIST_KEY_UILaunchScreen_Generation = YES;
				INFOPLIST_KEY_UISupportedInterfaceOrientations_iPad = "UIInterfaceOrientationPortrait UIInterfaceOrientationPortraitUpsideDown UIInterfaceOrientationLandscapeLeft UIInterfaceOrientationLandscapeRight";
				INFOPLIST_KEY_UISupportedInterfaceOrientations_iPhone = "UIInterfaceOrientationPortrait UIInterfaceOrientationLandscapeLeft UIInterfaceOrientationLandscapeRight";
				LD_RUNPATH_SEARCH_PATHS = (
					"$(inherited)",
					"@executable_path/Frameworks",
				);
				MARKETING_VERSION = 1.0;
				PRODUCT_BUNDLE_IDENTIFIER = mjsong.Recordings;
				PRODUCT_NAME = "$(TARGET_NAME)";
				SWIFT_EMIT_LOC_STRINGS = YES;
				SWIFT_VERSION = 5.0;
				TARGETED_DEVICE_FAMILY = "1,2";
			};
			name = Release;
		};
		7791A0F52A1E9497005088C4 /* Debug */ = {
			isa = XCBuildConfiguration;
			buildSettings = {
				ALWAYS_EMBED_SWIFT_STANDARD_LIBRARIES = YES;
				BUNDLE_LOADER = "$(TEST_HOST)";
				CODE_SIGN_STYLE = Automatic;
				CURRENT_PROJECT_VERSION = 1;
				DEVELOPMENT_TEAM = 4GS43493GL;
				GENERATE_INFOPLIST_FILE = YES;
				IPHONEOS_DEPLOYMENT_TARGET = 16.4;
				MARKETING_VERSION = 1.0;
				PRODUCT_BUNDLE_IDENTIFIER = mjsong.RecordingsTests;
				PRODUCT_NAME = "$(TARGET_NAME)";
				SWIFT_EMIT_LOC_STRINGS = NO;
				SWIFT_VERSION = 5.0;
				TARGETED_DEVICE_FAMILY = "1,2";
				TEST_HOST = "$(BUILT_PRODUCTS_DIR)/Recordings.app/$(BUNDLE_EXECUTABLE_FOLDER_PATH)/Recordings";
			};
			name = Debug;
		};
		7791A0F62A1E9497005088C4 /* Release */ = {
			isa = XCBuildConfiguration;
			buildSettings = {
				ALWAYS_EMBED_SWIFT_STANDARD_LIBRARIES = YES;
				BUNDLE_LOADER = "$(TEST_HOST)";
				CODE_SIGN_STYLE = Automatic;
				CURRENT_PROJECT_VERSION = 1;
				DEVELOPMENT_TEAM = 4GS43493GL;
				GENERATE_INFOPLIST_FILE = YES;
				IPHONEOS_DEPLOYMENT_TARGET = 16.4;
				MARKETING_VERSION = 1.0;
				PRODUCT_BUNDLE_IDENTIFIER = mjsong.RecordingsTests;
				PRODUCT_NAME = "$(TARGET_NAME)";
				SWIFT_EMIT_LOC_STRINGS = NO;
				SWIFT_VERSION = 5.0;
				TARGETED_DEVICE_FAMILY = "1,2";
				TEST_HOST = "$(BUILT_PRODUCTS_DIR)/Recordings.app/$(BUNDLE_EXECUTABLE_FOLDER_PATH)/Recordings";
			};
			name = Release;
		};
		7791A0F82A1E9497005088C4 /* Debug */ = {
			isa = XCBuildConfiguration;
			buildSettings = {
				ALWAYS_EMBED_SWIFT_STANDARD_LIBRARIES = YES;
				CODE_SIGN_STYLE = Automatic;
				CURRENT_PROJECT_VERSION = 1;
				DEVELOPMENT_TEAM = 4GS43493GL;
				GENERATE_INFOPLIST_FILE = YES;
				MARKETING_VERSION = 1.0;
				PRODUCT_BUNDLE_IDENTIFIER = mjsong.RecordingsUITests;
				PRODUCT_NAME = "$(TARGET_NAME)";
				SWIFT_EMIT_LOC_STRINGS = NO;
				SWIFT_VERSION = 5.0;
				TARGETED_DEVICE_FAMILY = "1,2";
				TEST_TARGET_NAME = Recordings;
			};
			name = Debug;
		};
		7791A0F92A1E9497005088C4 /* Release */ = {
			isa = XCBuildConfiguration;
			buildSettings = {
				ALWAYS_EMBED_SWIFT_STANDARD_LIBRARIES = YES;
				CODE_SIGN_STYLE = Automatic;
				CURRENT_PROJECT_VERSION = 1;
				DEVELOPMENT_TEAM = 4GS43493GL;
				GENERATE_INFOPLIST_FILE = YES;
				MARKETING_VERSION = 1.0;
				PRODUCT_BUNDLE_IDENTIFIER = mjsong.RecordingsUITests;
				PRODUCT_NAME = "$(TARGET_NAME)";
				SWIFT_EMIT_LOC_STRINGS = NO;
				SWIFT_VERSION = 5.0;
				TARGETED_DEVICE_FAMILY = "1,2";
				TEST_TARGET_NAME = Recordings;
			};
			name = Release;
		};
/* End XCBuildConfiguration section */

/* Begin XCConfigurationList section */
		7791A0C82A1E9496005088C4 /* Build configuration list for PBXProject "Recordings" */ = {
			isa = XCConfigurationList;
			buildConfigurations = (
				7791A0EF2A1E9497005088C4 /* Debug */,
				7791A0F02A1E9497005088C4 /* Release */,
			);
			defaultConfigurationIsVisible = 0;
			defaultConfigurationName = Release;
		};
		7791A0F12A1E9497005088C4 /* Build configuration list for PBXNativeTarget "Recordings" */ = {
			isa = XCConfigurationList;
			buildConfigurations = (
				7791A0F22A1E9497005088C4 /* Debug */,
				7791A0F32A1E9497005088C4 /* Release */,
			);
			defaultConfigurationIsVisible = 0;
			defaultConfigurationName = Release;
		};
		7791A0F42A1E9497005088C4 /* Build configuration list for PBXNativeTarget "RecordingsTests" */ = {
			isa = XCConfigurationList;
			buildConfigurations = (
				7791A0F52A1E9497005088C4 /* Debug */,
				7791A0F62A1E9497005088C4 /* Release */,
			);
			defaultConfigurationIsVisible = 0;
			defaultConfigurationName = Release;
		};
		7791A0F72A1E9497005088C4 /* Build configuration list for PBXNativeTarget "RecordingsUITests" */ = {
			isa = XCConfigurationList;
			buildConfigurations = (
				7791A0F82A1E9497005088C4 /* Debug */,
				7791A0F92A1E9497005088C4 /* Release */,
			);
			defaultConfigurationIsVisible = 0;
			defaultConfigurationName = Release;
		};
/* End XCConfigurationList section */

/* Begin XCRemoteSwiftPackageReference section */
		77ABE0722A21AD4300EED914 /* XCRemoteSwiftPackageReference "Alamofire" */ = {
			isa = XCRemoteSwiftPackageReference;
			repositoryURL = "https://github.com/Alamofire/Alamofire.git";
			requirement = {
				kind = upToNextMajorVersion;
				minimumVersion = 5.0.0;
			};
		};
/* End XCRemoteSwiftPackageReference section */

/* Begin XCSwiftPackageProductDependency section */
		77ABE0732A21AD4300EED914 /* Alamofire */ = {
			isa = XCSwiftPackageProductDependency;
			package = 77ABE0722A21AD4300EED914 /* XCRemoteSwiftPackageReference "Alamofire" */;
			productName = Alamofire;
		};
/* End XCSwiftPackageProductDependency section */
	};
	rootObject = 7791A0C52A1E9496005088C4 /* Project object */;
}
